// !$*UTF8*$!
{
	archiveVersion = 1;
	classes = {
	};
	objectVersion = 48;
	objects = {

/* Begin PBXBuildFile section */
		121CA2421F946A0D00D56B40 /* AppDelegate.swift in Sources */ = {isa = PBXBuildFile; fileRef = 121CA2411F946A0D00D56B40 /* AppDelegate.swift */; };
		121CA2441F946A0D00D56B40 /* ViewController.swift in Sources */ = {isa = PBXBuildFile; fileRef = 121CA2431F946A0D00D56B40 /* ViewController.swift */; };
		121CA2471F946A0D00D56B40 /* Main.storyboard in Resources */ = {isa = PBXBuildFile; fileRef = 121CA2451F946A0D00D56B40 /* Main.storyboard */; };
		121CA24A1F946A0D00D56B40 /* GetToIt.xcdatamodeld in Sources */ = {isa = PBXBuildFile; fileRef = 121CA2481F946A0D00D56B40 /* GetToIt.xcdatamodeld */; };
		121CA24C1F946A0D00D56B40 /* Assets.xcassets in Resources */ = {isa = PBXBuildFile; fileRef = 121CA24B1F946A0D00D56B40 /* Assets.xcassets */; };
		121CA24F1F946A0F00D56B40 /* LaunchScreen.storyboard in Resources */ = {isa = PBXBuildFile; fileRef = 121CA24D1F946A0F00D56B40 /* LaunchScreen.storyboard */; };
/* End PBXBuildFile section */

/* Begin PBXFileReference section */
		121CA23E1F946A0D00D56B40 /* GetToIt.app */ = {isa = PBXFileReference; explicitFileType = wrapper.application; includeInIndex = 0; path = GetToIt.app; sourceTree = BUILT_PRODUCTS_DIR; };
		121CA2411F946A0D00D56B40 /* AppDelegate.swift */ = {isa = PBXFileReference; lastKnownFileType = sourcecode.swift; path = AppDelegate.swift; sourceTree = "<group>"; };
		121CA2431F946A0D00D56B40 /* ViewController.swift */ = {isa = PBXFileReference; lastKnownFileType = sourcecode.swift; path = ViewController.swift; sourceTree = "<group>"; };
		121CA2461F946A0D00D56B40 /* Base */ = {isa = PBXFileReference; lastKnownFileType = file.storyboard; name = Base; path = Base.lproj/Main.storyboard; sourceTree = "<group>"; };
		121CA2491F946A0D00D56B40 /* GetToIt.xcdatamodel */ = {isa = PBXFileReference; lastKnownFileType = wrapper.xcdatamodel; path = GetToIt.xcdatamodel; sourceTree = "<group>"; };
		121CA24B1F946A0D00D56B40 /* Assets.xcassets */ = {isa = PBXFileReference; lastKnownFileType = folder.assetcatalog; path = Assets.xcassets; sourceTree = "<group>"; };
		121CA24E1F946A0F00D56B40 /* Base */ = {isa = PBXFileReference; lastKnownFileType = file.storyboard; name = Base; path = Base.lproj/LaunchScreen.storyboard; sourceTree = "<group>"; };
		121CA2501F946A0F00D56B40 /* Info.plist */ = {isa = PBXFileReference; lastKnownFileType = text.plist.xml; path = Info.plist; sourceTree = "<group>"; };
/* End PBXFileReference section */

/* Begin PBXFrameworksBuildPhase section */
		121CA23B1F946A0D00D56B40 /* Frameworks */ = {
			isa = PBXFrameworksBuildPhase;
			buildActionMask = 2147483647;
			files = (
			);
			runOnlyForDeploymentPostprocessing = 0;
		};
/* End PBXFrameworksBuildPhase section */

/* Begin PBXGroup section */
		121CA2351F946A0D00D56B40 = {
			isa = PBXGroup;
			children = (
				121CA2401F946A0D00D56B40 /* GetToIt */,
				121CA23F1F946A0D00D56B40 /* Products */,
			);
			sourceTree = "<group>";
		};
		121CA23F1F946A0D00D56B40 /* Products */ = {
			isa = PBXGroup;
			children = (
				121CA23E1F946A0D00D56B40 /* GetToIt.app */,
			);
			name = Products;
			sourceTree = "<group>";
		};
		121CA2401F946A0D00D56B40 /* GetToIt */ = {
			isa = PBXGroup;
			children = (
				121CA2411F946A0D00D56B40 /* AppDelegate.swift */,
				121CA2431F946A0D00D56B40 /* ViewController.swift */,
				121CA2451F946A0D00D56B40 /* Main.storyboard */,
				121CA24B1F946A0D00D56B40 /* Assets.xcassets */,
				121CA24D1F946A0F00D56B40 /* LaunchScreen.storyboard */,
				121CA2501F946A0F00D56B40 /* Info.plist */,
				121CA2481F946A0D00D56B40 /* GetToIt.xcdatamodeld */,
			);
			path = GetToIt;
			sourceTree = "<group>";
		};
/* End PBXGroup section */

/* Begin PBXNativeTarget section */
		121CA23D1F946A0D00D56B40 /* GetToIt */ = {
			isa = PBXNativeTarget;
			buildConfigurationList = 121CA2531F946A0F00D56B40 /* Build configuration list for PBXNativeTarget "GetToIt" */;
			buildPhases = (
				121CA23A1F946A0D00D56B40 /* Sources */,
				121CA23B1F946A0D00D56B40 /* Frameworks */,
				121CA23C1F946A0D00D56B40 /* Resources */,
			);
			buildRules = (
			);
			dependencies = (
			);
			name = GetToIt;
			productName = GetToIt;
			productReference = 121CA23E1F946A0D00D56B40 /* GetToIt.app */;
			productType = "com.apple.product-type.application";
		};
/* End PBXNativeTarget section */

/* Begin PBXProject section */
		121CA2361F946A0D00D56B40 /* Project object */ = {
			isa = PBXProject;
			attributes = {
				LastSwiftUpdateCheck = 0900;
				LastUpgradeCheck = 0900;
				ORGANIZATIONNAME = "Josephine ";
				TargetAttributes = {
					121CA23D1F946A0D00D56B40 = {
						CreatedOnToolsVersion = 9.0;
						ProvisioningStyle = Automatic;
					};
				};
			};
			buildConfigurationList = 121CA2391F946A0D00D56B40 /* Build configuration list for PBXProject "GetToIt" */;
			compatibilityVersion = "Xcode 8.0";
			developmentRegion = en;
			hasScannedForEncodings = 0;
			knownRegions = (
				en,
				Base,
			);
			mainGroup = 121CA2351F946A0D00D56B40;
			productRefGroup = 121CA23F1F946A0D00D56B40 /* Products */;
			projectDirPath = "";
			projectRoot = "";
			targets = (
				121CA23D1F946A0D00D56B40 /* GetToIt */,
			);
		};
/* End PBXProject section */

/* Begin PBXResourcesBuildPhase section */
		121CA23C1F946A0D00D56B40 /* Resources */ = {
			isa = PBXResourcesBuildPhase;
			buildActionMask = 2147483647;
			files = (
				121CA24F1F946A0F00D56B40 /* LaunchScreen.storyboard in Resources */,
				121CA24C1F946A0D00D56B40 /* Assets.xcassets in Resources */,
				121CA2471F946A0D00D56B40 /* Main.storyboard in Resources */,
			);
			runOnlyForDeploymentPostprocessing = 0;
		};
/* End PBXResourcesBuildPhase section */

/* Begin PBXSourcesBuildPhase section */
		121CA23A1F946A0D00D56B40 /* Sources */ = {
			isa = PBXSourcesBuildPhase;
			buildActionMask = 2147483647;
			files = (
				121CA2441F946A0D00D56B40 /* ViewController.swift in Sources */,
				121CA24A1F946A0D00D56B40 /* GetToIt.xcdatamodeld in Sources */,
				121CA2421F946A0D00D56B40 /* AppDelegate.swift in Sources */,
			);
			runOnlyForDeploymentPostprocessing = 0;
		};
/* End PBXSourcesBuildPhase section */

/* Begin PBXVariantGroup section */
		121CA2451F946A0D00D56B40 /* Main.storyboard */ = {
			isa = PBXVariantGroup;
			children = (
				121CA2461F946A0D00D56B40 /* Base */,
			);
			name = Main.storyboard;
			sourceTree = "<group>";
		};
		121CA24D1F946A0F00D56B40 /* LaunchScreen.storyboard */ = {
			isa = PBXVariantGroup;
			children = (
				121CA24E1F946A0F00D56B40 /* Base */,
			);
			name = LaunchScreen.storyboard;
			sourceTree = "<group>";
		};
/* End PBXVariantGroup section */

/* Begin XCBuildConfiguration section */
		121CA2511F946A0F00D56B40 /* Debug */ = {
			isa = XCBuildConfiguration;
			buildSettings = {
				ALWAYS_SEARCH_USER_PATHS = NO;
				CLANG_ANALYZER_NONNULL = YES;
				CLANG_ANALYZER_NUMBER_OBJECT_CONVERSION = YES_AGGRESSIVE;
				CLANG_CXX_LANGUAGE_STANDARD = "gnu++14";
				CLANG_CXX_LIBRARY = "libc++";
				CLANG_ENABLE_MODULES = YES;
				CLANG_ENABLE_OBJC_ARC = YES;
				CLANG_WARN_BLOCK_CAPTURE_AUTORELEASING = YES;
				CLANG_WARN_BOOL_CONVERSION = YES;
				CLANG_WARN_COMMA = YES;
				CLANG_WARN_CONSTANT_CONVERSION = YES;
				CLANG_WARN_DIRECT_OBJC_ISA_USAGE = YES_ERROR;
				CLANG_WARN_DOCUMENTATION_COMMENTS = YES;
				CLANG_WARN_EMPTY_BODY = YES;
				CLANG_WARN_ENUM_CONVERSION = YES;
				CLANG_WARN_INFINITE_RECURSION = YES;
				CLANG_WARN_INT_CONVERSION = YES;
				CLANG_WARN_NON_LITERAL_NULL_CONVERSION = YES;
				CLANG_WARN_OBJC_LITERAL_CONVERSION = YES;
				CLANG_WARN_OBJC_ROOT_CLASS = YES_ERROR;
				CLANG_WARN_RANGE_LOOP_ANALYSIS = YES;
				CLANG_WARN_STRICT_PROTOTYPES = YES;
				CLANG_WARN_SUSPICIOUS_MOVE = YES;
				CLANG_WARN_UNGUARDED_AVAILABILITY = YES_AGGRESSIVE;
				CLANG_WARN_UNREACHABLE_CODE = YES;
				CLANG_WARN__DUPLICATE_METHOD_MATCH = YES;
				CODE_SIGN_IDENTITY = "iPhone Developer";
				COPY_PHASE_STRIP = NO;
				DEBUG_INFORMATION_FORMAT = dwarf;
				ENABLE_STRICT_OBJC_MSGSEND = YES;
				ENABLE_TESTABILITY = YES;
				GCC_C_LANGUAGE_STANDARD = gnu11;
				GCC_DYNAMIC_NO_PIC = NO;
				GCC_NO_COMMON_BLOCKS = YES;
				GCC_OPTIMIZATION_LEVEL = 0;
				GCC_PREPROCESSOR_DEFINITIONS = (
					"DEBUG=1",
					"$(inherited)",
				);
				GCC_WARN_64_TO_32_BIT_CONVERSION = YES;
				GCC_WARN_ABOUT_RETURN_TYPE = YES_ERROR;
				GCC_WARN_UNDECLARED_SELECTOR = YES;
				GCC_WARN_UNINITIALIZED_AUTOS = YES_AGGRESSIVE;
				GCC_WARN_UNUSED_FUNCTION = YES;
				GCC_WARN_UNUSED_VARIABLE = YES;
				IPHONEOS_DEPLOYMENT_TARGET = 11.0;
				MTL_ENABLE_DEBUG_INFO = YES;
				ONLY_ACTIVE_ARCH = YES;
				SDKROOT = iphoneos;
				SWIFT_ACTIVE_COMPILATION_CONDITIONS = DEBUG;
				SWIFT_OPTIMIZATION_LEVEL = "-Onone";
			};
			name = Debug;
		};
		121CA2521F946A0F00D56B40 /* Release */ = {
			isa = XCBuildConfiguration;
			buildSettings = {
				ALWAYS_SEARCH_USER_PATHS = NO;
				CLANG_ANALYZER_NONNULL = YES;
				CLANG_ANALYZER_NUMBER_OBJECT_CONVERSION = YES_AGGRESSIVE;
				CLANG_CXX_LANGUAGE_STANDARD = "gnu++14";
				CLANG_CXX_LIBRARY = "libc++";
				CLANG_ENABLE_MODULES = YES;
				CLANG_ENABLE_OBJC_ARC = YES;
				CLANG_WARN_BLOCK_CAPTURE_AUTORELEASING = YES;
				CLANG_WARN_BOOL_CONVERSION = YES;
				CLANG_WARN_COMMA = YES;
				CLANG_WARN_CONSTANT_CONVERSION = YES;
				CLANG_WARN_DIRECT_OBJC_ISA_USAGE = YES_ERROR;
				CLANG_WARN_DOCUMENTATION_COMMENTS = YES;
				CLANG_WARN_EMPTY_BODY = YES;
				CLANG_WARN_ENUM_CONVERSION = YES;
				CLANG_WARN_INFINITE_RECURSION = YES;
				CLANG_WARN_INT_CONVERSION = YES;
				CLANG_WARN_NON_LITERAL_NULL_CONVERSION = YES;
				CLANG_WARN_OBJC_LITERAL_CONVERSION = YES;
				CLANG_WARN_OBJC_ROOT_CLASS = YES_ERROR;
				CLANG_WARN_RANGE_LOOP_ANALYSIS = YES;
				CLANG_WARN_STRICT_PROTOTYPES = YES;
				CLANG_WARN_SUSPICIOUS_MOVE = YES;
				CLANG_WARN_UNGUARDED_AVAILABILITY = YES_AGGRESSIVE;
				CLANG_WARN_UNREACHABLE_CODE = YES;
				CLANG_WARN__DUPLICATE_METHOD_MATCH = YES;
				CODE_SIGN_IDENTITY = "iPhone Developer";
				COPY_PHASE_STRIP = NO;
				DEBUG_INFORMATION_FORMAT = "dwarf-with-dsym";
				ENABLE_NS_ASSERTIONS = NO;
				ENABLE_STRICT_OBJC_MSGSEND = YES;
				GCC_C_LANGUAGE_STANDARD = gnu11;
				GCC_NO_COMMON_BLOCKS = YES;
				GCC_WARN_64_TO_32_BIT_CONVERSION = YES;
				GCC_WARN_ABOUT_RETURN_TYPE = YES_ERROR;
				GCC_WARN_UNDECLARED_SELECTOR = YES;
				GCC_WARN_UNINITIALIZED_AUTOS = YES_AGGRESSIVE;
				GCC_WARN_UNUSED_FUNCTION = YES;
				GCC_WARN_UNUSED_VARIABLE = YES;
				IPHONEOS_DEPLOYMENT_TARGET = 11.0;
				MTL_ENABLE_DEBUG_INFO = NO;
				SDKROOT = iphoneos;
				SWIFT_OPTIMIZATION_LEVEL = "-Owholemodule";
				VALIDATE_PRODUCT = YES;
			};
			name = Release;
		};
		121CA2541F946A0F00D56B40 /* Debug */ = {
			isa = XCBuildConfiguration;
			buildSettings = {
				ASSETCATALOG_COMPILER_APPICON_NAME = AppIcon;
				CODE_SIGN_STYLE = Automatic;
				DEVELOPMENT_TEAM = 5KCF76PB3V;
				INFOPLIST_FILE = GetToIt/Info.plist;
				LD_RUNPATH_SEARCH_PATHS = "$(inherited) @executable_path/Frameworks";
				PRODUCT_BUNDLE_IDENTIFIER = com.josephine.GetToIt;
				PRODUCT_NAME = "$(TARGET_NAME)";
				SWIFT_VERSION = 4.0;
				TARGETED_DEVICE_FAMILY = "1,2";
			};
			name = Debug;
		};
		121CA2551F946A0F00D56B40 /* Release */ = {
			isa = XCBuildConfiguration;
			buildSettings = {
				ASSETCATALOG_COMPILER_APPICON_NAME = AppIcon;
				CODE_SIGN_STYLE = Automatic;
				DEVELOPMENT_TEAM = 5KCF76PB3V;
				INFOPLIST_FILE = GetToIt/Info.plist;
				LD_RUNPATH_SEARCH_PATHS = "$(inherited) @executable_path/Frameworks";
				PRODUCT_BUNDLE_IDENTIFIER = com.josephine.GetToIt;
				PRODUCT_NAME = "$(TARGET_NAME)";
				SWIFT_VERSION = 4.0;
				TARGETED_DEVICE_FAMILY = "1,2";
			};
			name = Release;
		};
/* End XCBuildConfiguration section */

/* Begin XCConfigurationList section */
		121CA2391F946A0D00D56B40 /* Build configuration list for PBXProject "GetToIt" */ = {
			isa = XCConfigurationList;
			buildConfigurations = (
				121CA2511F946A0F00D56B40 /* Debug */,
				121CA2521F946A0F00D56B40 /* Release */,
			);
			defaultConfigurationIsVisible = 0;
			defaultConfigurationName = Release;
		};
		121CA2531F946A0F00D56B40 /* Build configuration list for PBXNativeTarget "GetToIt" */ = {
			isa = XCConfigurationList;
			buildConfigurations = (
				121CA2541F946A0F00D56B40 /* Debug */,
				121CA2551F946A0F00D56B40 /* Release */,
			);
			defaultConfigurationIsVisible = 0;
			defaultConfigurationName = Release;
		};
/* End XCConfigurationList section */

/* Begin XCVersionGroup section */
		121CA2481F946A0D00D56B40 /* GetToIt.xcdatamodeld */ = {
			isa = XCVersionGroup;
			children = (
				121CA2491F946A0D00D56B40 /* GetToIt.xcdatamodel */,
			);
			currentVersion = 121CA2491F946A0D00D56B40 /* GetToIt.xcdatamodel */;
			path = GetToIt.xcdatamodeld;
			sourceTree = "<group>";
			versionGroupType = wrapper.xcdatamodel;
		};
/* End XCVersionGroup section */
	};
	rootObject = 121CA2361F946A0D00D56B40 /* Project object */;
}
